{
  "object": {
    "pins": [
      {
        "package": "TSKit.Core",
        "repositoryURL": "https://github.com/adya/TSKit.Core.git",
        "state": {
          "branch": null,
          "revision": "4db59ccc50518cfde6cdcaa1810996876521a26f",
          "version": "2.3.0"
        }
      }
    ]
  },
  "version": 1
}
